// !$*UTF8*$!
{
	archiveVersion = 1;
	classes = {
	};
	objectVersion = 46;
	objects = {

/* Begin PBXBuildFile section */
		2B1FEF041BE7ACD000C20CFB /* AppDelegate.swift in Sources */ = {isa = PBXBuildFile; fileRef = 2B1FEF031BE7ACD000C20CFB /* AppDelegate.swift */; };
		2B1FEF061BE7ACD000C20CFB /* ViewController.swift in Sources */ = {isa = PBXBuildFile; fileRef = 2B1FEF051BE7ACD000C20CFB /* ViewController.swift */; };
		2B1FEF091BE7ACD000C20CFB /* Main.storyboard in Resources */ = {isa = PBXBuildFile; fileRef = 2B1FEF071BE7ACD000C20CFB /* Main.storyboard */; };
		2B1FEF0B1BE7ACD000C20CFB /* Assets.xcassets in Resources */ = {isa = PBXBuildFile; fileRef = 2B1FEF0A1BE7ACD000C20CFB /* Assets.xcassets */; };
		2B1FEF0E1BE7ACD000C20CFB /* LaunchScreen.storyboard in Resources */ = {isa = PBXBuildFile; fileRef = 2B1FEF0C1BE7ACD000C20CFB /* LaunchScreen.storyboard */; };
		825C45CC1BE7AF5800158274 /* KeyboardViewController.swift in Sources */ = {isa = PBXBuildFile; fileRef = 825C45CB1BE7AF5800158274 /* KeyboardViewController.swift */; };
		825C45D01BE7AF5800158274 /* PracticeKeyboard.appex in Embed App Extensions */ = {isa = PBXBuildFile; fileRef = 825C45C91BE7AF5800158274 /* PracticeKeyboard.appex */; settings = {ATTRIBUTES = (RemoveHeadersOnCopy, ); }; };
/* End PBXBuildFile section */

/* Begin PBXContainerItemProxy section */
		825C45CE1BE7AF5800158274 /* PBXContainerItemProxy */ = {
			isa = PBXContainerItemProxy;
			containerPortal = 2B1FEEF81BE7ACD000C20CFB /* Project object */;
			proxyType = 1;
			remoteGlobalIDString = 825C45C81BE7AF5800158274;
			remoteInfo = PracticeKeyboard;
		};
/* End PBXContainerItemProxy section */

/* Begin PBXCopyFilesBuildPhase section */
		825C45D41BE7AF5800158274 /* Embed App Extensions */ = {
			isa = PBXCopyFilesBuildPhase;
			buildActionMask = 2147483647;
			dstPath = "";
			dstSubfolderSpec = 13;
			files = (
				825C45D01BE7AF5800158274 /* PracticeKeyboard.appex in Embed App Extensions */,
			);
			name = "Embed App Extensions";
			runOnlyForDeploymentPostprocessing = 0;
		};
/* End PBXCopyFilesBuildPhase section */

/* Begin PBXFileReference section */
		2B1FEF001BE7ACD000C20CFB /* TypingPractice.app */ = {isa = PBXFileReference; explicitFileType = wrapper.application; includeInIndex = 0; path = TypingPractice.app; sourceTree = BUILT_PRODUCTS_DIR; };
		2B1FEF031BE7ACD000C20CFB /* AppDelegate.swift */ = {isa = PBXFileReference; lastKnownFileType = sourcecode.swift; path = AppDelegate.swift; sourceTree = "<group>"; };
		2B1FEF051BE7ACD000C20CFB /* ViewController.swift */ = {isa = PBXFileReference; lastKnownFileType = sourcecode.swift; path = ViewController.swift; sourceTree = "<group>"; };
		2B1FEF081BE7ACD000C20CFB /* Base */ = {isa = PBXFileReference; lastKnownFileType = file.storyboard; name = Base; path = Base.lproj/Main.storyboard; sourceTree = "<group>"; };
		2B1FEF0A1BE7ACD000C20CFB /* Assets.xcassets */ = {isa = PBXFileReference; lastKnownFileType = folder.assetcatalog; path = Assets.xcassets; sourceTree = "<group>"; };
		2B1FEF0D1BE7ACD000C20CFB /* Base */ = {isa = PBXFileReference; lastKnownFileType = file.storyboard; name = Base; path = Base.lproj/LaunchScreen.storyboard; sourceTree = "<group>"; };
		2B1FEF0F1BE7ACD000C20CFB /* Info.plist */ = {isa = PBXFileReference; lastKnownFileType = text.plist.xml; path = Info.plist; sourceTree = "<group>"; };
		825C45C91BE7AF5800158274 /* PracticeKeyboard.appex */ = {isa = PBXFileReference; explicitFileType = "wrapper.app-extension"; includeInIndex = 0; path = PracticeKeyboard.appex; sourceTree = BUILT_PRODUCTS_DIR; };
		825C45CB1BE7AF5800158274 /* KeyboardViewController.swift */ = {isa = PBXFileReference; lastKnownFileType = sourcecode.swift; path = KeyboardViewController.swift; sourceTree = "<group>"; };
		825C45CD1BE7AF5800158274 /* Info.plist */ = {isa = PBXFileReference; lastKnownFileType = text.plist.xml; path = Info.plist; sourceTree = "<group>"; };
/* End PBXFileReference section */

/* Begin PBXFrameworksBuildPhase section */
		2B1FEEFD1BE7ACD000C20CFB /* Frameworks */ = {
			isa = PBXFrameworksBuildPhase;
			buildActionMask = 2147483647;
			files = (
			);
			runOnlyForDeploymentPostprocessing = 0;
		};
		825C45C61BE7AF5800158274 /* Frameworks */ = {
			isa = PBXFrameworksBuildPhase;
			buildActionMask = 2147483647;
			files = (
			);
			runOnlyForDeploymentPostprocessing = 0;
		};
/* End PBXFrameworksBuildPhase section */

/* Begin PBXGroup section */
		2B1FEEF71BE7ACD000C20CFB = {
			isa = PBXGroup;
			children = (
				2B1FEF021BE7ACD000C20CFB /* TypingPractice */,
				825C45CA1BE7AF5800158274 /* PracticeKeyboard */,
				2B1FEF011BE7ACD000C20CFB /* Products */,
			);
			sourceTree = "<group>";
		};
		2B1FEF011BE7ACD000C20CFB /* Products */ = {
			isa = PBXGroup;
			children = (
				2B1FEF001BE7ACD000C20CFB /* TypingPractice.app */,
				825C45C91BE7AF5800158274 /* PracticeKeyboard.appex */,
			);
			name = Products;
			sourceTree = "<group>";
		};
		2B1FEF021BE7ACD000C20CFB /* TypingPractice */ = {
			isa = PBXGroup;
			children = (
				2B1FEF031BE7ACD000C20CFB /* AppDelegate.swift */,
				2B1FEF051BE7ACD000C20CFB /* ViewController.swift */,
				2B1FEF071BE7ACD000C20CFB /* Main.storyboard */,
				2B1FEF0A1BE7ACD000C20CFB /* Assets.xcassets */,
				2B1FEF0C1BE7ACD000C20CFB /* LaunchScreen.storyboard */,
				2B1FEF0F1BE7ACD000C20CFB /* Info.plist */,
			);
			path = TypingPractice;
			sourceTree = "<group>";
		};
		825C45CA1BE7AF5800158274 /* PracticeKeyboard */ = {
			isa = PBXGroup;
			children = (
				825C45CB1BE7AF5800158274 /* KeyboardViewController.swift */,
				825C45CD1BE7AF5800158274 /* Info.plist */,
			);
			path = PracticeKeyboard;
			sourceTree = "<group>";
		};
/* End PBXGroup section */

/* Begin PBXNativeTarget section */
		2B1FEEFF1BE7ACD000C20CFB /* TypingPractice */ = {
			isa = PBXNativeTarget;
			buildConfigurationList = 2B1FEF121BE7ACD000C20CFB /* Build configuration list for PBXNativeTarget "TypingPractice" */;
			buildPhases = (
				2B1FEEFC1BE7ACD000C20CFB /* Sources */,
				2B1FEEFD1BE7ACD000C20CFB /* Frameworks */,
				2B1FEEFE1BE7ACD000C20CFB /* Resources */,
				825C45D41BE7AF5800158274 /* Embed App Extensions */,
			);
			buildRules = (
			);
			dependencies = (
				825C45CF1BE7AF5800158274 /* PBXTargetDependency */,
			);
			name = TypingPractice;
			productName = TypingPractice;
			productReference = 2B1FEF001BE7ACD000C20CFB /* TypingPractice.app */;
			productType = "com.apple.product-type.application";
		};
		825C45C81BE7AF5800158274 /* PracticeKeyboard */ = {
			isa = PBXNativeTarget;
			buildConfigurationList = 825C45D11BE7AF5800158274 /* Build configuration list for PBXNativeTarget "PracticeKeyboard" */;
			buildPhases = (
				825C45C51BE7AF5800158274 /* Sources */,
				825C45C61BE7AF5800158274 /* Frameworks */,
				825C45C71BE7AF5800158274 /* Resources */,
			);
			buildRules = (
			);
			dependencies = (
			);
			name = PracticeKeyboard;
			productName = PracticeKeyboard;
			productReference = 825C45C91BE7AF5800158274 /* PracticeKeyboard.appex */;
			productType = "com.apple.product-type.app-extension";
		};
/* End PBXNativeTarget section */

/* Begin PBXProject section */
		2B1FEEF81BE7ACD000C20CFB /* Project object */ = {
			isa = PBXProject;
			attributes = {
				LastSwiftUpdateCheck = 0710;
				LastUpgradeCheck = 0710;
				ORGANIZATIONNAME = "Joe E.";
				TargetAttributes = {
					2B1FEEFF1BE7ACD000C20CFB = {
						CreatedOnToolsVersion = 7.1;
					};
					825C45C81BE7AF5800158274 = {
						CreatedOnToolsVersion = 7.0;
					};
				};
			};
			buildConfigurationList = 2B1FEEFB1BE7ACD000C20CFB /* Build configuration list for PBXProject "TypingPractice" */;
			compatibilityVersion = "Xcode 3.2";
			developmentRegion = English;
			hasScannedForEncodings = 0;
			knownRegions = (
				en,
				Base,
			);
			mainGroup = 2B1FEEF71BE7ACD000C20CFB;
			productRefGroup = 2B1FEF011BE7ACD000C20CFB /* Products */;
			projectDirPath = "";
			projectRoot = "";
			targets = (
				2B1FEEFF1BE7ACD000C20CFB /* TypingPractice */,
				825C45C81BE7AF5800158274 /* PracticeKeyboard */,
			);
		};
/* End PBXProject section */

/* Begin PBXResourcesBuildPhase section */
		2B1FEEFE1BE7ACD000C20CFB /* Resources */ = {
			isa = PBXResourcesBuildPhase;
			buildActionMask = 2147483647;
			files = (
				2B1FEF0E1BE7ACD000C20CFB /* LaunchScreen.storyboard in Resources */,
				2B1FEF0B1BE7ACD000C20CFB /* Assets.xcassets in Resources */,
				2B1FEF091BE7ACD000C20CFB /* Main.storyboard in Resources */,
			);
			runOnlyForDeploymentPostprocessing = 0;
		};
		825C45C71BE7AF5800158274 /* Resources */ = {
			isa = PBXResourcesBuildPhase;
			buildActionMask = 2147483647;
			files = (
			);
			runOnlyForDeploymentPostprocessing = 0;
		};
/* End PBXResourcesBuildPhase section */

/* Begin PBXSourcesBuildPhase section */
		2B1FEEFC1BE7ACD000C20CFB /* Sources */ = {
			isa = PBXSourcesBuildPhase;
			buildActionMask = 2147483647;
			files = (
				2B1FEF061BE7ACD000C20CFB /* ViewController.swift in Sources */,
				2B1FEF041BE7ACD000C20CFB /* AppDelegate.swift in Sources */,
			);
			runOnlyForDeploymentPostprocessing = 0;
		};
		825C45C51BE7AF5800158274 /* Sources */ = {
			isa = PBXSourcesBuildPhase;
			buildActionMask = 2147483647;
			files = (
				825C45CC1BE7AF5800158274 /* KeyboardViewController.swift in Sources */,
			);
			runOnlyForDeploymentPostprocessing = 0;
		};
/* End PBXSourcesBuildPhase section */

/* Begin PBXTargetDependency section */
		825C45CF1BE7AF5800158274 /* PBXTargetDependency */ = {
			isa = PBXTargetDependency;
			target = 825C45C81BE7AF5800158274 /* PracticeKeyboard */;
			targetProxy = 825C45CE1BE7AF5800158274 /* PBXContainerItemProxy */;
		};
/* End PBXTargetDependency section */

/* Begin PBXVariantGroup section */
		2B1FEF071BE7ACD000C20CFB /* Main.storyboard */ = {
			isa = PBXVariantGroup;
			children = (
				2B1FEF081BE7ACD000C20CFB /* Base */,
			);
			name = Main.storyboard;
			sourceTree = "<group>";
		};
		2B1FEF0C1BE7ACD000C20CFB /* LaunchScreen.storyboard */ = {
			isa = PBXVariantGroup;
			children = (
				2B1FEF0D1BE7ACD000C20CFB /* Base */,
			);
			name = LaunchScreen.storyboard;
			sourceTree = "<group>";
		};
/* End PBXVariantGroup section */

/* Begin XCBuildConfiguration section */
		2B1FEF101BE7ACD000C20CFB /* Debug */ = {
			isa = XCBuildConfiguration;
			buildSettings = {
				ALWAYS_SEARCH_USER_PATHS = NO;
				CLANG_CXX_LANGUAGE_STANDARD = "gnu++0x";
				CLANG_CXX_LIBRARY = "libc++";
				CLANG_ENABLE_MODULES = YES;
				CLANG_ENABLE_OBJC_ARC = YES;
				CLANG_WARN_BOOL_CONVERSION = YES;
				CLANG_WARN_CONSTANT_CONVERSION = YES;
				CLANG_WARN_DIRECT_OBJC_ISA_USAGE = YES_ERROR;
				CLANG_WARN_EMPTY_BODY = YES;
				CLANG_WARN_ENUM_CONVERSION = YES;
				CLANG_WARN_INT_CONVERSION = YES;
				CLANG_WARN_OBJC_ROOT_CLASS = YES_ERROR;
				CLANG_WARN_UNREACHABLE_CODE = YES;
				CLANG_WARN__DUPLICATE_METHOD_MATCH = YES;
				"CODE_SIGN_IDENTITY[sdk=iphoneos*]" = "iPhone Developer";
				COPY_PHASE_STRIP = NO;
				DEBUG_INFORMATION_FORMAT = dwarf;
				ENABLE_STRICT_OBJC_MSGSEND = YES;
				ENABLE_TESTABILITY = YES;
				GCC_C_LANGUAGE_STANDARD = gnu99;
				GCC_DYNAMIC_NO_PIC = NO;
				GCC_NO_COMMON_BLOCKS = YES;
				GCC_OPTIMIZATION_LEVEL = 0;
				GCC_PREPROCESSOR_DEFINITIONS = (
					"DEBUG=1",
					"$(inherited)",
				);
				GCC_WARN_64_TO_32_BIT_CONVERSION = YES;
				GCC_WARN_ABOUT_RETURN_TYPE = YES_ERROR;
				GCC_WARN_UNDECLARED_SELECTOR = YES;
				GCC_WARN_UNINITIALIZED_AUTOS = YES_AGGRESSIVE;
				GCC_WARN_UNUSED_FUNCTION = YES;
				GCC_WARN_UNUSED_VARIABLE = YES;
				IPHONEOS_DEPLOYMENT_TARGET = 9.1;
				MTL_ENABLE_DEBUG_INFO = YES;
				ONLY_ACTIVE_ARCH = YES;
				SDKROOT = iphoneos;
				SWIFT_OPTIMIZATION_LEVEL = "-Onone";
			};
			name = Debug;
		};
		2B1FEF111BE7ACD000C20CFB /* Release */ = {
			isa = XCBuildConfiguration;
			buildSettings = {
				ALWAYS_SEARCH_USER_PATHS = NO;
				CLANG_CXX_LANGUAGE_STANDARD = "gnu++0x";
				CLANG_CXX_LIBRARY = "libc++";
				CLANG_ENABLE_MODULES = YES;
				CLANG_ENABLE_OBJC_ARC = YES;
				CLANG_WARN_BOOL_CONVERSION = YES;
				CLANG_WARN_CONSTANT_CONVERSION = YES;
				CLANG_WARN_DIRECT_OBJC_ISA_USAGE = YES_ERROR;
				CLANG_WARN_EMPTY_BODY = YES;
				CLANG_WARN_ENUM_CONVERSION = YES;
				CLANG_WARN_INT_CONVERSION = YES;
				CLANG_WARN_OBJC_ROOT_CLASS = YES_ERROR;
				CLANG_WARN_UNREACHABLE_CODE = YES;
				CLANG_WARN__DUPLICATE_METHOD_MATCH = YES;
				"CODE_SIGN_IDENTITY[sdk=iphoneos*]" = "iPhone Developer";
				COPY_PHASE_STRIP = NO;
				DEBUG_INFORMATION_FORMAT = "dwarf-with-dsym";
				ENABLE_NS_ASSERTIONS = NO;
				ENABLE_STRICT_OBJC_MSGSEND = YES;
				GCC_C_LANGUAGE_STANDARD = gnu99;
				GCC_NO_COMMON_BLOCKS = YES;
				GCC_WARN_64_TO_32_BIT_CONVERSION = YES;
				GCC_WARN_ABOUT_RETURN_TYPE = YES_ERROR;
				GCC_WARN_UNDECLARED_SELECTOR = YES;
				GCC_WARN_UNINITIALIZED_AUTOS = YES_AGGRESSIVE;
				GCC_WARN_UNUSED_FUNCTION = YES;
				GCC_WARN_UNUSED_VARIABLE = YES;
				IPHONEOS_DEPLOYMENT_TARGET = 9.1;
				MTL_ENABLE_DEBUG_INFO = NO;
				SDKROOT = iphoneos;
				VALIDATE_PRODUCT = YES;
			};
			name = Release;
		};
		2B1FEF131BE7ACD000C20CFB /* Debug */ = {
			isa = XCBuildConfiguration;
			buildSettings = {
				ASSETCATALOG_COMPILER_APPICON_NAME = AppIcon;
				CODE_SIGN_IDENTITY = "iPhone Developer";
				EMBEDDED_CONTENT_CONTAINS_SWIFT = YES;
				INFOPLIST_FILE = TypingPractice/Info.plist;
				LD_RUNPATH_SEARCH_PATHS = "$(inherited) @executable_path/Frameworks";
				PRODUCT_BUNDLE_IDENTIFIER = com.Montchat.TypingPractice;
				PRODUCT_NAME = "$(TARGET_NAME)";
			};
			name = Debug;
		};
		2B1FEF141BE7ACD000C20CFB /* Release */ = {
			isa = XCBuildConfiguration;
			buildSettings = {
				ASSETCATALOG_COMPILER_APPICON_NAME = AppIcon;
				CODE_SIGN_IDENTITY = "iPhone Developer";
				EMBEDDED_CONTENT_CONTAINS_SWIFT = YES;
				INFOPLIST_FILE = TypingPractice/Info.plist;
				LD_RUNPATH_SEARCH_PATHS = "$(inherited) @executable_path/Frameworks";
				PRODUCT_BUNDLE_IDENTIFIER = com.Montchat.TypingPractice;
				PRODUCT_NAME = "$(TARGET_NAME)";
			};
			name = Release;
		};
		825C45D21BE7AF5800158274 /* Debug */ = {
			isa = XCBuildConfiguration;
			buildSettings = {
				CODE_SIGN_IDENTITY = "iPhone Developer";
				INFOPLIST_FILE = PracticeKeyboard/Info.plist;
				IPHONEOS_DEPLOYMENT_TARGET = 9.0;
				LD_RUNPATH_SEARCH_PATHS = "$(inherited) @executable_path/Frameworks @executable_path/../../Frameworks";
				PRODUCT_BUNDLE_IDENTIFIER = com.Montchat.TypingPractice.PracticeKeyboard;
				PRODUCT_NAME = "$(TARGET_NAME)";
				SKIP_INSTALL = YES;
			};
			name = Debug;
		};
		825C45D31BE7AF5800158274 /* Release */ = {
			isa = XCBuildConfiguration;
			buildSettings = {
				CODE_SIGN_IDENTITY = "iPhone Developer";
				INFOPLIST_FILE = PracticeKeyboard/Info.plist;
				IPHONEOS_DEPLOYMENT_TARGET = 9.0;
				LD_RUNPATH_SEARCH_PATHS = "$(inherited) @executable_path/Frameworks @executable_path/../../Frameworks";
				PRODUCT_BUNDLE_IDENTIFIER = com.Montchat.TypingPractice.PracticeKeyboard;
				PRODUCT_NAME = "$(TARGET_NAME)";
				SKIP_INSTALL = YES;
			};
			name = Release;
		};
/* End XCBuildConfiguration section */

/* Begin XCConfigurationList section */
		2B1FEEFB1BE7ACD000C20CFB /* Build configuration list for PBXProject "TypingPractice" */ = {
			isa = XCConfigurationList;
			buildConfigurations = (
				2B1FEF101BE7ACD000C20CFB /* Debug */,
				2B1FEF111BE7ACD000C20CFB /* Release */,
			);
			defaultConfigurationIsVisible = 0;
			defaultConfigurationName = Release;
		};
		2B1FEF121BE7ACD000C20CFB /* Build configuration list for PBXNativeTarget "TypingPractice" */ = {
			isa = XCConfigurationList;
			buildConfigurations = (
				2B1FEF131BE7ACD000C20CFB /* Debug */,
				2B1FEF141BE7ACD000C20CFB /* Release */,
			);
			defaultConfigurationIsVisible = 0;
			defaultConfigurationName = Release;
		};
		825C45D11BE7AF5800158274 /* Build configuration list for PBXNativeTarget "PracticeKeyboard" */ = {
			isa = XCConfigurationList;
			buildConfigurations = (
				825C45D21BE7AF5800158274 /* Debug */,
				825C45D31BE7AF5800158274 /* Release */,
			);
			defaultConfigurationIsVisible = 0;
		};
/* End XCConfigurationList section */
	};
	rootObject = 2B1FEEF81BE7ACD000C20CFB /* Project object */;
}
